// !$*UTF8*$!
{
	archiveVersion = 1;
	classes = {
	};
	objectVersion = 56;
	objects = {

/* Begin PBXBuildFile section */
		1F0EFFB929743B3D00F5C7DE /* Symbols.swift in Sources */ = {isa = PBXBuildFile; fileRef = 1F0EFFB829743B3D00F5C7DE /* Symbols.swift */; };
		1F0EFFBF29743E0C00F5C7DE /* Estado.swift in Sources */ = {isa = PBXBuildFile; fileRef = 1F0EFFBE29743E0C00F5C7DE /* Estado.swift */; };
		1F0EFFC129743EA700F5C7DE /* LabelCur.swift in Sources */ = {isa = PBXBuildFile; fileRef = 1F0EFFC029743EA700F5C7DE /* LabelCur.swift */; };
		1F0EFFC329743FF900F5C7DE /* TextComponent.swift in Sources */ = {isa = PBXBuildFile; fileRef = 1F0EFFC229743FF900F5C7DE /* TextComponent.swift */; };
		1F0EFFC52974449300F5C7DE /* Buttoncomponent.swift in Sources */ = {isa = PBXBuildFile; fileRef = 1F0EFFC42974449300F5C7DE /* Buttoncomponent.swift */; };
		1F0EFFC829744E1F00F5C7DE /* AlertSuscribe.swift in Sources */ = {isa = PBXBuildFile; fileRef = 1F0EFFC729744E1F00F5C7DE /* AlertSuscribe.swift */; };
		1F0EFFCA2974520D00F5C7DE /* TextFieldComponent.swift in Sources */ = {isa = PBXBuildFile; fileRef = 1F0EFFC92974520D00F5C7DE /* TextFieldComponent.swift */; };
		1F0EFFCC2974822F00F5C7DE /* CreateUser.swift in Sources */ = {isa = PBXBuildFile; fileRef = 1F0EFFCB2974822F00F5C7DE /* CreateUser.swift */; };
		1F0EFFCE2974859700F5C7DE /* DataPickerComponent.swift in Sources */ = {isa = PBXBuildFile; fileRef = 1F0EFFCD2974859700F5C7DE /* DataPickerComponent.swift */; };
		1F0EFFD02974BE8900F5C7DE /* ColorPickerComponent.swift in Sources */ = {isa = PBXBuildFile; fileRef = 1F0EFFCF2974BE8900F5C7DE /* ColorPickerComponent.swift */; };
		1F1C926B29739B570034863F /* MyfirstappApp.swift in Sources */ = {isa = PBXBuildFile; fileRef = 1F1C926A29739B570034863F /* MyfirstappApp.swift */; };
		1F1C926D29739B570034863F /* ContentView.swift in Sources */ = {isa = PBXBuildFile; fileRef = 1F1C926C29739B570034863F /* ContentView.swift */; };
		1F1C926F29739B580034863F /* Assets.xcassets in Resources */ = {isa = PBXBuildFile; fileRef = 1F1C926E29739B580034863F /* Assets.xcassets */; };
		1F1C927229739B580034863F /* Preview Assets.xcassets in Resources */ = {isa = PBXBuildFile; fileRef = 1F1C927129739B580034863F /* Preview Assets.xcassets */; };
		1F1C927C29739B580034863F /* MyfirstappTests.swift in Sources */ = {isa = PBXBuildFile; fileRef = 1F1C927B29739B580034863F /* MyfirstappTests.swift */; };
		1F1C928629739B580034863F /* MyfirstappUITests.swift in Sources */ = {isa = PBXBuildFile; fileRef = 1F1C928529739B580034863F /* MyfirstappUITests.swift */; };
		1F1C928829739B580034863F /* MyfirstappUITestsLaunchTests.swift in Sources */ = {isa = PBXBuildFile; fileRef = 1F1C928729739B580034863F /* MyfirstappUITestsLaunchTests.swift */; };
		1F1C9299297434D30034863F /* ImageSwift.swift in Sources */ = {isa = PBXBuildFile; fileRef = 1F1C9298297434D30034863F /* ImageSwift.swift */; };
/* End PBXBuildFile section */

/* Begin PBXContainerItemProxy section */
		1F1C927829739B580034863F /* PBXContainerItemProxy */ = {
			isa = PBXContainerItemProxy;
			containerPortal = 1F1C925F29739B570034863F /* Project object */;
			proxyType = 1;
			remoteGlobalIDString = 1F1C926629739B570034863F;
			remoteInfo = Myfirstapp;
		};
		1F1C928229739B580034863F /* PBXContainerItemProxy */ = {
			isa = PBXContainerItemProxy;
			containerPortal = 1F1C925F29739B570034863F /* Project object */;
			proxyType = 1;
			remoteGlobalIDString = 1F1C926629739B570034863F;
			remoteInfo = Myfirstapp;
		};
/* End PBXContainerItemProxy section */

/* Begin PBXFileReference section */
		1F0EFFB829743B3D00F5C7DE /* Symbols.swift */ = {isa = PBXFileReference; lastKnownFileType = sourcecode.swift; path = Symbols.swift; sourceTree = "<group>"; };
		1F0EFFBE29743E0C00F5C7DE /* Estado.swift */ = {isa = PBXFileReference; lastKnownFileType = sourcecode.swift; path = Estado.swift; sourceTree = "<group>"; };
		1F0EFFC029743EA700F5C7DE /* LabelCur.swift */ = {isa = PBXFileReference; lastKnownFileType = sourcecode.swift; path = LabelCur.swift; sourceTree = "<group>"; };
		1F0EFFC229743FF900F5C7DE /* TextComponent.swift */ = {isa = PBXFileReference; lastKnownFileType = sourcecode.swift; path = TextComponent.swift; sourceTree = "<group>"; };
		1F0EFFC42974449300F5C7DE /* Buttoncomponent.swift */ = {isa = PBXFileReference; lastKnownFileType = sourcecode.swift; path = Buttoncomponent.swift; sourceTree = "<group>"; };
		1F0EFFC729744E1F00F5C7DE /* AlertSuscribe.swift */ = {isa = PBXFileReference; lastKnownFileType = sourcecode.swift; path = AlertSuscribe.swift; sourceTree = "<group>"; };
		1F0EFFC92974520D00F5C7DE /* TextFieldComponent.swift */ = {isa = PBXFileReference; lastKnownFileType = sourcecode.swift; path = TextFieldComponent.swift; sourceTree = "<group>"; };
		1F0EFFCB2974822F00F5C7DE /* CreateUser.swift */ = {isa = PBXFileReference; lastKnownFileType = sourcecode.swift; path = CreateUser.swift; sourceTree = "<group>"; };
		1F0EFFCD2974859700F5C7DE /* DataPickerComponent.swift */ = {isa = PBXFileReference; lastKnownFileType = sourcecode.swift; path = DataPickerComponent.swift; sourceTree = "<group>"; };
		1F0EFFCF2974BE8900F5C7DE /* ColorPickerComponent.swift */ = {isa = PBXFileReference; lastKnownFileType = sourcecode.swift; path = ColorPickerComponent.swift; sourceTree = "<group>"; };
		1F1C926729739B570034863F /* Myfirstapp.app */ = {isa = PBXFileReference; explicitFileType = wrapper.application; includeInIndex = 0; path = Myfirstapp.app; sourceTree = BUILT_PRODUCTS_DIR; };
		1F1C926A29739B570034863F /* MyfirstappApp.swift */ = {isa = PBXFileReference; lastKnownFileType = sourcecode.swift; path = MyfirstappApp.swift; sourceTree = "<group>"; };
		1F1C926C29739B570034863F /* ContentView.swift */ = {isa = PBXFileReference; lastKnownFileType = sourcecode.swift; path = ContentView.swift; sourceTree = "<group>"; };
		1F1C926E29739B580034863F /* Assets.xcassets */ = {isa = PBXFileReference; lastKnownFileType = folder.assetcatalog; path = Assets.xcassets; sourceTree = "<group>"; };
		1F1C927129739B580034863F /* Preview Assets.xcassets */ = {isa = PBXFileReference; lastKnownFileType = folder.assetcatalog; path = "Preview Assets.xcassets"; sourceTree = "<group>"; };
		1F1C927729739B580034863F /* MyfirstappTests.xctest */ = {isa = PBXFileReference; explicitFileType = wrapper.cfbundle; includeInIndex = 0; path = MyfirstappTests.xctest; sourceTree = BUILT_PRODUCTS_DIR; };
		1F1C927B29739B580034863F /* MyfirstappTests.swift */ = {isa = PBXFileReference; lastKnownFileType = sourcecode.swift; path = MyfirstappTests.swift; sourceTree = "<group>"; };
		1F1C928129739B580034863F /* MyfirstappUITests.xctest */ = {isa = PBXFileReference; explicitFileType = wrapper.cfbundle; includeInIndex = 0; path = MyfirstappUITests.xctest; sourceTree = BUILT_PRODUCTS_DIR; };
		1F1C928529739B580034863F /* MyfirstappUITests.swift */ = {isa = PBXFileReference; lastKnownFileType = sourcecode.swift; path = MyfirstappUITests.swift; sourceTree = "<group>"; };
		1F1C928729739B580034863F /* MyfirstappUITestsLaunchTests.swift */ = {isa = PBXFileReference; lastKnownFileType = sourcecode.swift; path = MyfirstappUITestsLaunchTests.swift; sourceTree = "<group>"; };
		1F1C9298297434D30034863F /* ImageSwift.swift */ = {isa = PBXFileReference; lastKnownFileType = sourcecode.swift; path = ImageSwift.swift; sourceTree = "<group>"; };
/* End PBXFileReference section */

/* Begin PBXFrameworksBuildPhase section */
		1F1C926429739B570034863F /* Frameworks */ = {
			isa = PBXFrameworksBuildPhase;
			buildActionMask = 2147483647;
			files = (
			);
			runOnlyForDeploymentPostprocessing = 0;
		};
		1F1C927429739B580034863F /* Frameworks */ = {
			isa = PBXFrameworksBuildPhase;
			buildActionMask = 2147483647;
			files = (
			);
			runOnlyForDeploymentPostprocessing = 0;
		};
		1F1C927E29739B580034863F /* Frameworks */ = {
			isa = PBXFrameworksBuildPhase;
			buildActionMask = 2147483647;
			files = (
			);
			runOnlyForDeploymentPostprocessing = 0;
		};
/* End PBXFrameworksBuildPhase section */

/* Begin PBXGroup section */
		1F0EFFC629744E0000F5C7DE /* Challenges */ = {
			isa = PBXGroup;
			children = (
				1F0EFFC729744E1F00F5C7DE /* AlertSuscribe.swift */,
				1F0EFFCB2974822F00F5C7DE /* CreateUser.swift */,
			);
			path = Challenges;
			sourceTree = "<group>";
		};
		1F1C925E29739B570034863F = {
			isa = PBXGroup;
			children = (
				1F1C926929739B570034863F /* Myfirstapp */,
				1F1C928429739B580034863F /* MyfirstappUITests */,
				1F1C926829739B570034863F /* Products */,
			);
			sourceTree = "<group>";
		};
		1F1C926829739B570034863F /* Products */ = {
			isa = PBXGroup;
			children = (
				1F1C926729739B570034863F /* Myfirstapp.app */,
				1F1C927729739B580034863F /* MyfirstappTests.xctest */,
				1F1C928129739B580034863F /* MyfirstappUITests.xctest */,
			);
			name = Products;
			sourceTree = "<group>";
		};
		1F1C926929739B570034863F /* Myfirstapp */ = {
			isa = PBXGroup;
			children = (
				1F0EFFC629744E0000F5C7DE /* Challenges */,
				1F1C926A29739B570034863F /* MyfirstappApp.swift */,
				1F1C926C29739B570034863F /* ContentView.swift */,
				1F1C9298297434D30034863F /* ImageSwift.swift */,
				1F0EFFB829743B3D00F5C7DE /* Symbols.swift */,
				1F0EFFBE29743E0C00F5C7DE /* Estado.swift */,
				1F0EFFC029743EA700F5C7DE /* LabelCur.swift */,
				1F0EFFC229743FF900F5C7DE /* TextComponent.swift */,
				1F0EFFC42974449300F5C7DE /* Buttoncomponent.swift */,
				1F0EFFC92974520D00F5C7DE /* TextFieldComponent.swift */,
				1F1C927A29739B580034863F /* MyfirstappTests */,
				1F1C926E29739B580034863F /* Assets.xcassets */,
				1F1C927029739B580034863F /* Preview Content */,
				1F0EFFCD2974859700F5C7DE /* DataPickerComponent.swift */,
				1F0EFFCF2974BE8900F5C7DE /* ColorPickerComponent.swift */,
			);
			path = Myfirstapp;
			sourceTree = "<group>";
		};
		1F1C927029739B580034863F /* Preview Content */ = {
			isa = PBXGroup;
			children = (
				1F1C927129739B580034863F /* Preview Assets.xcassets */,
			);
			path = "Preview Content";
			sourceTree = "<group>";
		};
		1F1C927A29739B580034863F /* MyfirstappTests */ = {
			isa = PBXGroup;
			children = (
				1F1C927B29739B580034863F /* MyfirstappTests.swift */,
			);
			path = MyfirstappTests;
			sourceTree = "<group>";
		};
		1F1C928429739B580034863F /* MyfirstappUITests */ = {
			isa = PBXGroup;
			children = (
				1F1C928529739B580034863F /* MyfirstappUITests.swift */,
				1F1C928729739B580034863F /* MyfirstappUITestsLaunchTests.swift */,
			);
			path = MyfirstappUITests;
			sourceTree = "<group>";
		};
/* End PBXGroup section */

/* Begin PBXNativeTarget section */
		1F1C926629739B570034863F /* Myfirstapp */ = {
			isa = PBXNativeTarget;
			buildConfigurationList = 1F1C928B29739B580034863F /* Build configuration list for PBXNativeTarget "Myfirstapp" */;
			buildPhases = (
				1F1C926329739B570034863F /* Sources */,
				1F1C926429739B570034863F /* Frameworks */,
				1F1C926529739B570034863F /* Resources */,
			);
			buildRules = (
			);
			dependencies = (
			);
			name = Myfirstapp;
			productName = Myfirstapp;
			productReference = 1F1C926729739B570034863F /* Myfirstapp.app */;
			productType = "com.apple.product-type.application";
		};
		1F1C927629739B580034863F /* MyfirstappTests */ = {
			isa = PBXNativeTarget;
			buildConfigurationList = 1F1C928E29739B580034863F /* Build configuration list for PBXNativeTarget "MyfirstappTests" */;
			buildPhases = (
				1F1C927329739B580034863F /* Sources */,
				1F1C927429739B580034863F /* Frameworks */,
				1F1C927529739B580034863F /* Resources */,
			);
			buildRules = (
			);
			dependencies = (
				1F1C927929739B580034863F /* PBXTargetDependency */,
			);
			name = MyfirstappTests;
			productName = MyfirstappTests;
			productReference = 1F1C927729739B580034863F /* MyfirstappTests.xctest */;
			productType = "com.apple.product-type.bundle.unit-test";
		};
		1F1C928029739B580034863F /* MyfirstappUITests */ = {
			isa = PBXNativeTarget;
			buildConfigurationList = 1F1C929129739B580034863F /* Build configuration list for PBXNativeTarget "MyfirstappUITests" */;
			buildPhases = (
				1F1C927D29739B580034863F /* Sources */,
				1F1C927E29739B580034863F /* Frameworks */,
				1F1C927F29739B580034863F /* Resources */,
			);
			buildRules = (
			);
			dependencies = (
				1F1C928329739B580034863F /* PBXTargetDependency */,
			);
			name = MyfirstappUITests;
			productName = MyfirstappUITests;
			productReference = 1F1C928129739B580034863F /* MyfirstappUITests.xctest */;
			productType = "com.apple.product-type.bundle.ui-testing";
		};
/* End PBXNativeTarget section */

/* Begin PBXProject section */
		1F1C925F29739B570034863F /* Project object */ = {
			isa = PBXProject;
			attributes = {
				BuildIndependentTargetsInParallel = 1;
				LastSwiftUpdateCheck = 1420;
				LastUpgradeCheck = 1420;
				TargetAttributes = {
					1F1C926629739B570034863F = {
						CreatedOnToolsVersion = 14.2;
					};
					1F1C927629739B580034863F = {
						CreatedOnToolsVersion = 14.2;
						TestTargetID = 1F1C926629739B570034863F;
					};
					1F1C928029739B580034863F = {
						CreatedOnToolsVersion = 14.2;
						TestTargetID = 1F1C926629739B570034863F;
					};
				};
			};
			buildConfigurationList = 1F1C926229739B570034863F /* Build configuration list for PBXProject "Myfirstapp" */;
			compatibilityVersion = "Xcode 14.0";
			developmentRegion = en;
			hasScannedForEncodings = 0;
			knownRegions = (
				en,
				Base,
			);
			mainGroup = 1F1C925E29739B570034863F;
			productRefGroup = 1F1C926829739B570034863F /* Products */;
			projectDirPath = "";
			projectRoot = "";
			targets = (
				1F1C926629739B570034863F /* Myfirstapp */,
				1F1C927629739B580034863F /* MyfirstappTests */,
				1F1C928029739B580034863F /* MyfirstappUITests */,
			);
		};
/* End PBXProject section */

/* Begin PBXResourcesBuildPhase section */
		1F1C926529739B570034863F /* Resources */ = {
			isa = PBXResourcesBuildPhase;
			buildActionMask = 2147483647;
			files = (
				1F1C927229739B580034863F /* Preview Assets.xcassets in Resources */,
				1F1C926F29739B580034863F /* Assets.xcassets in Resources */,
			);
			runOnlyForDeploymentPostprocessing = 0;
		};
		1F1C927529739B580034863F /* Resources */ = {
			isa = PBXResourcesBuildPhase;
			buildActionMask = 2147483647;
			files = (
			);
			runOnlyForDeploymentPostprocessing = 0;
		};
		1F1C927F29739B580034863F /* Resources */ = {
			isa = PBXResourcesBuildPhase;
			buildActionMask = 2147483647;
			files = (
			);
			runOnlyForDeploymentPostprocessing = 0;
		};
/* End PBXResourcesBuildPhase section */

/* Begin PBXSourcesBuildPhase section */
		1F1C926329739B570034863F /* Sources */ = {
			isa = PBXSourcesBuildPhase;
			buildActionMask = 2147483647;
			files = (
				1F1C926D29739B570034863F /* ContentView.swift in Sources */,
				1F0EFFB929743B3D00F5C7DE /* Symbols.swift in Sources */,
				1F0EFFC129743EA700F5C7DE /* LabelCur.swift in Sources */,
				1F0EFFD02974BE8900F5C7DE /* ColorPickerComponent.swift in Sources */,
				1F0EFFCA2974520D00F5C7DE /* TextFieldComponent.swift in Sources */,
				1F1C926B29739B570034863F /* MyfirstappApp.swift in Sources */,
				1F0EFFC829744E1F00F5C7DE /* AlertSuscribe.swift in Sources */,
				1F1C9299297434D30034863F /* ImageSwift.swift in Sources */,
				1F0EFFC329743FF900F5C7DE /* TextComponent.swift in Sources */,
				1F0EFFBF29743E0C00F5C7DE /* Estado.swift in Sources */,
				1F0EFFC52974449300F5C7DE /* Buttoncomponent.swift in Sources */,
				1F0EFFCC2974822F00F5C7DE /* CreateUser.swift in Sources */,
				1F0EFFCE2974859700F5C7DE /* DataPickerComponent.swift in Sources */,
			);
			runOnlyForDeploymentPostprocessing = 0;
		};
		1F1C927329739B580034863F /* Sources */ = {
			isa = PBXSourcesBuildPhase;
			buildActionMask = 2147483647;
			files = (
				1F1C927C29739B580034863F /* MyfirstappTests.swift in Sources */,
			);
			runOnlyForDeploymentPostprocessing = 0;
		};
		1F1C927D29739B580034863F /* Sources */ = {
			isa = PBXSourcesBuildPhase;
			buildActionMask = 2147483647;
			files = (
				1F1C928629739B580034863F /* MyfirstappUITests.swift in Sources */,
				1F1C928829739B580034863F /* MyfirstappUITestsLaunchTests.swift in Sources */,
			);
			runOnlyForDeploymentPostprocessing = 0;
		};
/* End PBXSourcesBuildPhase section */

/* Begin PBXTargetDependency section */
		1F1C927929739B580034863F /* PBXTargetDependency */ = {
			isa = PBXTargetDependency;
			target = 1F1C926629739B570034863F /* Myfirstapp */;
			targetProxy = 1F1C927829739B580034863F /* PBXContainerItemProxy */;
		};
		1F1C928329739B580034863F /* PBXTargetDependency */ = {
			isa = PBXTargetDependency;
			target = 1F1C926629739B570034863F /* Myfirstapp */;
			targetProxy = 1F1C928229739B580034863F /* PBXContainerItemProxy */;
		};
/* End PBXTargetDependency section */

/* Begin XCBuildConfiguration section */
		1F1C928929739B580034863F /* Debug */ = {
			isa = XCBuildConfiguration;
			buildSettings = {
				ALWAYS_SEARCH_USER_PATHS = NO;
				CLANG_ANALYZER_NONNULL = YES;
				CLANG_ANALYZER_NUMBER_OBJECT_CONVERSION = YES_AGGRESSIVE;
				CLANG_CXX_LANGUAGE_STANDARD = "gnu++20";
				CLANG_ENABLE_MODULES = YES;
				CLANG_ENABLE_OBJC_ARC = YES;
				CLANG_ENABLE_OBJC_WEAK = YES;
				CLANG_WARN_BLOCK_CAPTURE_AUTORELEASING = YES;
				CLANG_WARN_BOOL_CONVERSION = YES;
				CLANG_WARN_COMMA = YES;
				CLANG_WARN_CONSTANT_CONVERSION = YES;
				CLANG_WARN_DEPRECATED_OBJC_IMPLEMENTATIONS = YES;
				CLANG_WARN_DIRECT_OBJC_ISA_USAGE = YES_ERROR;
				CLANG_WARN_DOCUMENTATION_COMMENTS = YES;
				CLANG_WARN_EMPTY_BODY = YES;
				CLANG_WARN_ENUM_CONVERSION = YES;
				CLANG_WARN_INFINITE_RECURSION = YES;
				CLANG_WARN_INT_CONVERSION = YES;
				CLANG_WARN_NON_LITERAL_NULL_CONVERSION = YES;
				CLANG_WARN_OBJC_IMPLICIT_RETAIN_SELF = YES;
				CLANG_WARN_OBJC_LITERAL_CONVERSION = YES;
				CLANG_WARN_OBJC_ROOT_CLASS = YES_ERROR;
				CLANG_WARN_QUOTED_INCLUDE_IN_FRAMEWORK_HEADER = YES;
				CLANG_WARN_RANGE_LOOP_ANALYSIS = YES;
				CLANG_WARN_STRICT_PROTOTYPES = YES;
				CLANG_WARN_SUSPICIOUS_MOVE = YES;
				CLANG_WARN_UNGUARDED_AVAILABILITY = YES_AGGRESSIVE;
				CLANG_WARN_UNREACHABLE_CODE = YES;
				CLANG_WARN__DUPLICATE_METHOD_MATCH = YES;
				COPY_PHASE_STRIP = NO;
				DEBUG_INFORMATION_FORMAT = dwarf;
				ENABLE_STRICT_OBJC_MSGSEND = YES;
				ENABLE_TESTABILITY = YES;
				GCC_C_LANGUAGE_STANDARD = gnu11;
				GCC_DYNAMIC_NO_PIC = NO;
				GCC_NO_COMMON_BLOCKS = YES;
				GCC_OPTIMIZATION_LEVEL = 0;
				GCC_PREPROCESSOR_DEFINITIONS = (
					"DEBUG=1",
					"$(inherited)",
				);
				GCC_WARN_64_TO_32_BIT_CONVERSION = YES;
				GCC_WARN_ABOUT_RETURN_TYPE = YES_ERROR;
				GCC_WARN_UNDECLARED_SELECTOR = YES;
				GCC_WARN_UNINITIALIZED_AUTOS = YES_AGGRESSIVE;
				GCC_WARN_UNUSED_FUNCTION = YES;
				GCC_WARN_UNUSED_VARIABLE = YES;
				IPHONEOS_DEPLOYMENT_TARGET = 16.2;
				MTL_ENABLE_DEBUG_INFO = INCLUDE_SOURCE;
				MTL_FAST_MATH = YES;
				ONLY_ACTIVE_ARCH = YES;
				SDKROOT = iphoneos;
				SWIFT_ACTIVE_COMPILATION_CONDITIONS = DEBUG;
				SWIFT_OPTIMIZATION_LEVEL = "-Onone";
			};
			name = Debug;
		};
		1F1C928A29739B580034863F /* Release */ = {
			isa = XCBuildConfiguration;
			buildSettings = {
				ALWAYS_SEARCH_USER_PATHS = NO;
				CLANG_ANALYZER_NONNULL = YES;
				CLANG_ANALYZER_NUMBER_OBJECT_CONVERSION = YES_AGGRESSIVE;
				CLANG_CXX_LANGUAGE_STANDARD = "gnu++20";
				CLANG_ENABLE_MODULES = YES;
				CLANG_ENABLE_OBJC_ARC = YES;
				CLANG_ENABLE_OBJC_WEAK = YES;
				CLANG_WARN_BLOCK_CAPTURE_AUTORELEASING = YES;
				CLANG_WARN_BOOL_CONVERSION = YES;
				CLANG_WARN_COMMA = YES;
				CLANG_WARN_CONSTANT_CONVERSION = YES;
				CLANG_WARN_DEPRECATED_OBJC_IMPLEMENTATIONS = YES;
				CLANG_WARN_DIRECT_OBJC_ISA_USAGE = YES_ERROR;
				CLANG_WARN_DOCUMENTATION_COMMENTS = YES;
				CLANG_WARN_EMPTY_BODY = YES;
				CLANG_WARN_ENUM_CONVERSION = YES;
				CLANG_WARN_INFINITE_RECURSION = YES;
				CLANG_WARN_INT_CONVERSION = YES;
				CLANG_WARN_NON_LITERAL_NULL_CONVERSION = YES;
				CLANG_WARN_OBJC_IMPLICIT_RETAIN_SELF = YES;
				CLANG_WARN_OBJC_LITERAL_CONVERSION = YES;
				CLANG_WARN_OBJC_ROOT_CLASS = YES_ERROR;
				CLANG_WARN_QUOTED_INCLUDE_IN_FRAMEWORK_HEADER = YES;
				CLANG_WARN_RANGE_LOOP_ANALYSIS = YES;
				CLANG_WARN_STRICT_PROTOTYPES = YES;
				CLANG_WARN_SUSPICIOUS_MOVE = YES;
				CLANG_WARN_UNGUARDED_AVAILABILITY = YES_AGGRESSIVE;
				CLANG_WARN_UNREACHABLE_CODE = YES;
				CLANG_WARN__DUPLICATE_METHOD_MATCH = YES;
				COPY_PHASE_STRIP = NO;
				DEBUG_INFORMATION_FORMAT = "dwarf-with-dsym";
				ENABLE_NS_ASSERTIONS = NO;
				ENABLE_STRICT_OBJC_MSGSEND = YES;
				GCC_C_LANGUAGE_STANDARD = gnu11;
				GCC_NO_COMMON_BLOCKS = YES;
				GCC_WARN_64_TO_32_BIT_CONVERSION = YES;
				GCC_WARN_ABOUT_RETURN_TYPE = YES_ERROR;
				GCC_WARN_UNDECLARED_SELECTOR = YES;
				GCC_WARN_UNINITIALIZED_AUTOS = YES_AGGRESSIVE;
				GCC_WARN_UNUSED_FUNCTION = YES;
				GCC_WARN_UNUSED_VARIABLE = YES;
				IPHONEOS_DEPLOYMENT_TARGET = 16.2;
				MTL_ENABLE_DEBUG_INFO = NO;
				MTL_FAST_MATH = YES;
				SDKROOT = iphoneos;
				SWIFT_COMPILATION_MODE = wholemodule;
				SWIFT_OPTIMIZATION_LEVEL = "-O";
				VALIDATE_PRODUCT = YES;
			};
			name = Release;
		};
		1F1C928C29739B580034863F /* Debug */ = {
			isa = XCBuildConfiguration;
			buildSettings = {
				ASSETCATALOG_COMPILER_APPICON_NAME = AppIcon;
				ASSETCATALOG_COMPILER_GLOBAL_ACCENT_COLOR_NAME = AccentColor;
				CODE_SIGN_STYLE = Automatic;
				CURRENT_PROJECT_VERSION = 1;
				DEVELOPMENT_ASSET_PATHS = "\"Myfirstapp/Preview Content\"";
				DEVELOPMENT_TEAM = F7W598G66J;
				ENABLE_PREVIEWS = YES;
				GENERATE_INFOPLIST_FILE = YES;
				INFOPLIST_KEY_UIApplicationSceneManifest_Generation = YES;
				INFOPLIST_KEY_UIApplicationSupportsIndirectInputEvents = YES;
				INFOPLIST_KEY_UILaunchScreen_Generation = YES;
				INFOPLIST_KEY_UISupportedInterfaceOrientations_iPad = "UIInterfaceOrientationPortrait UIInterfaceOrientationPortraitUpsideDown UIInterfaceOrientationLandscapeLeft UIInterfaceOrientationLandscapeRight";
				INFOPLIST_KEY_UISupportedInterfaceOrientations_iPhone = "UIInterfaceOrientationPortrait UIInterfaceOrientationLandscapeLeft UIInterfaceOrientationLandscapeRight";
				LD_RUNPATH_SEARCH_PATHS = (
					"$(inherited)",
					"@executable_path/Frameworks",
				);
				MARKETING_VERSION = 1.0;
				PRODUCT_BUNDLE_IDENTIFIER = firstRobert.Myfirstapp;
				PRODUCT_NAME = "$(TARGET_NAME)";
				SUPPORTED_PLATFORMS = "iphoneos iphonesimulator";
				SUPPORTS_MACCATALYST = NO;
				SUPPORTS_MAC_DESIGNED_FOR_IPHONE_IPAD = NO;
				SWIFT_EMIT_LOC_STRINGS = YES;
				SWIFT_VERSION = 5.0;
				TARGETED_DEVICE_FAMILY = "1,2";
			};
			name = Debug;
		};
		1F1C928D29739B580034863F /* Release */ = {
			isa = XCBuildConfiguration;
			buildSettings = {
				ASSETCATALOG_COMPILER_APPICON_NAME = AppIcon;
				ASSETCATALOG_COMPILER_GLOBAL_ACCENT_COLOR_NAME = AccentColor;
				CODE_SIGN_STYLE = Automatic;
				CURRENT_PROJECT_VERSION = 1;
				DEVELOPMENT_ASSET_PATHS = "\"Myfirstapp/Preview Content\"";
				DEVELOPMENT_TEAM = F7W598G66J;
				ENABLE_PREVIEWS = YES;
				GENERATE_INFOPLIST_FILE = YES;
				INFOPLIST_KEY_UIApplicationSceneManifest_Generation = YES;
				INFOPLIST_KEY_UIApplicationSupportsIndirectInputEvents = YES;
				INFOPLIST_KEY_UILaunchScreen_Generation = YES;
				INFOPLIST_KEY_UISupportedInterfaceOrientations_iPad = "UIInterfaceOrientationPortrait UIInterfaceOrientationPortraitUpsideDown UIInterfaceOrientationLandscapeLeft UIInterfaceOrientationLandscapeRight";
				INFOPLIST_KEY_UISupportedInterfaceOrientations_iPhone = "UIInterfaceOrientationPortrait UIInterfaceOrientationLandscapeLeft UIInterfaceOrientationLandscapeRight";
				LD_RUNPATH_SEARCH_PATHS = (
					"$(inherited)",
					"@executable_path/Frameworks",
				);
				MARKETING_VERSION = 1.0;
				PRODUCT_BUNDLE_IDENTIFIER = firstRobert.Myfirstapp;
				PRODUCT_NAME = "$(TARGET_NAME)";
				SUPPORTED_PLATFORMS = "iphoneos iphonesimulator";
				SUPPORTS_MACCATALYST = NO;
				SUPPORTS_MAC_DESIGNED_FOR_IPHONE_IPAD = NO;
				SWIFT_EMIT_LOC_STRINGS = YES;
				SWIFT_VERSION = 5.0;
				TARGETED_DEVICE_FAMILY = "1,2";
			};
			name = Release;
		};
		1F1C928F29739B580034863F /* Debug */ = {
			isa = XCBuildConfiguration;
			buildSettings = {
				ALWAYS_EMBED_SWIFT_STANDARD_LIBRARIES = YES;
				BUNDLE_LOADER = "$(TEST_HOST)";
				CODE_SIGN_STYLE = Automatic;
				CURRENT_PROJECT_VERSION = 1;
				DEVELOPMENT_TEAM = F7W598G66J;
				GENERATE_INFOPLIST_FILE = YES;
				IPHONEOS_DEPLOYMENT_TARGET = 16.2;
				MARKETING_VERSION = 1.0;
				PRODUCT_BUNDLE_IDENTIFIER = firstRobert.MyfirstappTests;
				PRODUCT_NAME = "$(TARGET_NAME)";
				SWIFT_EMIT_LOC_STRINGS = NO;
				SWIFT_VERSION = 5.0;
				TARGETED_DEVICE_FAMILY = "1,2";
				TEST_HOST = "$(BUILT_PRODUCTS_DIR)/Myfirstapp.app/$(BUNDLE_EXECUTABLE_FOLDER_PATH)/Myfirstapp";
			};
			name = Debug;
		};
		1F1C929029739B580034863F /* Release */ = {
			isa = XCBuildConfiguration;
			buildSettings = {
				ALWAYS_EMBED_SWIFT_STANDARD_LIBRARIES = YES;
				BUNDLE_LOADER = "$(TEST_HOST)";
				CODE_SIGN_STYLE = Automatic;
				CURRENT_PROJECT_VERSION = 1;
				DEVELOPMENT_TEAM = F7W598G66J;
				GENERATE_INFOPLIST_FILE = YES;
				IPHONEOS_DEPLOYMENT_TARGET = 16.2;
				MARKETING_VERSION = 1.0;
				PRODUCT_BUNDLE_IDENTIFIER = firstRobert.MyfirstappTests;
				PRODUCT_NAME = "$(TARGET_NAME)";
				SWIFT_EMIT_LOC_STRINGS = NO;
				SWIFT_VERSION = 5.0;
				TARGETED_DEVICE_FAMILY = "1,2";
				TEST_HOST = "$(BUILT_PRODUCTS_DIR)/Myfirstapp.app/$(BUNDLE_EXECUTABLE_FOLDER_PATH)/Myfirstapp";
			};
			name = Release;
		};
		1F1C929229739B580034863F /* Debug */ = {
			isa = XCBuildConfiguration;
			buildSettings = {
				ALWAYS_EMBED_SWIFT_STANDARD_LIBRARIES = YES;
				CODE_SIGN_STYLE = Automatic;
				CURRENT_PROJECT_VERSION = 1;
				DEVELOPMENT_TEAM = F7W598G66J;
				GENERATE_INFOPLIST_FILE = YES;
				MARKETING_VERSION = 1.0;
				PRODUCT_BUNDLE_IDENTIFIER = firstRobert.MyfirstappUITests;
				PRODUCT_NAME = "$(TARGET_NAME)";
				SWIFT_EMIT_LOC_STRINGS = NO;
				SWIFT_VERSION = 5.0;
				TARGETED_DEVICE_FAMILY = "1,2";
				TEST_TARGET_NAME = Myfirstapp;
			};
			name = Debug;
		};
		1F1C929329739B580034863F /* Release */ = {
			isa = XCBuildConfiguration;
			buildSettings = {
				ALWAYS_EMBED_SWIFT_STANDARD_LIBRARIES = YES;
				CODE_SIGN_STYLE = Automatic;
				CURRENT_PROJECT_VERSION = 1;
				DEVELOPMENT_TEAM = F7W598G66J;
				GENERATE_INFOPLIST_FILE = YES;
				MARKETING_VERSION = 1.0;
				PRODUCT_BUNDLE_IDENTIFIER = firstRobert.MyfirstappUITests;
				PRODUCT_NAME = "$(TARGET_NAME)";
				SWIFT_EMIT_LOC_STRINGS = NO;
				SWIFT_VERSION = 5.0;
				TARGETED_DEVICE_FAMILY = "1,2";
				TEST_TARGET_NAME = Myfirstapp;
			};
			name = Release;
		};
/* End XCBuildConfiguration section */

/* Begin XCConfigurationList section */
		1F1C926229739B570034863F /* Build configuration list for PBXProject "Myfirstapp" */ = {
			isa = XCConfigurationList;
			buildConfigurations = (
				1F1C928929739B580034863F /* Debug */,
				1F1C928A29739B580034863F /* Release */,
			);
			defaultConfigurationIsVisible = 0;
			defaultConfigurationName = Release;
		};
		1F1C928B29739B580034863F /* Build configuration list for PBXNativeTarget "Myfirstapp" */ = {
			isa = XCConfigurationList;
			buildConfigurations = (
				1F1C928C29739B580034863F /* Debug */,
				1F1C928D29739B580034863F /* Release */,
			);
			defaultConfigurationIsVisible = 0;
			defaultConfigurationName = Release;
		};
		1F1C928E29739B580034863F /* Build configuration list for PBXNativeTarget "MyfirstappTests" */ = {
			isa = XCConfigurationList;
			buildConfigurations = (
				1F1C928F29739B580034863F /* Debug */,
				1F1C929029739B580034863F /* Release */,
			);
			defaultConfigurationIsVisible = 0;
			defaultConfigurationName = Release;
		};
		1F1C929129739B580034863F /* Build configuration list for PBXNativeTarget "MyfirstappUITests" */ = {
			isa = XCConfigurationList;
			buildConfigurations = (
				1F1C929229739B580034863F /* Debug */,
				1F1C929329739B580034863F /* Release */,
			);
			defaultConfigurationIsVisible = 0;
			defaultConfigurationName = Release;
		};
/* End XCConfigurationList section */
	};
	rootObject = 1F1C925F29739B570034863F /* Project object */;
}
